
Microsoft Visual Studio Solution File, Format Version 12.00
# Visual Studio Version 17
VisualStudioVersion = 17.4.33205.214
MinimumVisualStudioVersion = 10.0.40219.1
Project("{FAE04EC0-301F-11D3-BF4B-00C04F79EFBC}") = "DocPlanner", "DocPlanner\DocPlanner.csproj", "{9D172FA1-F59D-4E65-AAD5-6369F0B7D791}"
EndProject
Project("{FAE04EC0-301F-11D3-BF4B-00C04F79EFBC}") = "DocPlanner.UnitTests", "DocPlanner.UnitTests\DocPlanner.UnitTests.csproj", "{9AEEDC55-324E-4D53-B20F-DCF72F1CB57C}"
EndProject
Global
	GlobalSection(SolutionConfigurationPlatforms) = preSolution
		Debug|Any CPU = Debug|Any CPU
		Release|Any CPU = Release|Any CPU
	EndGlobalSection
	GlobalSection(ProjectConfigurationPlatforms) = postSolution
		{9D172FA1-F59D-4E65-AAD5-6369F0B7D791}.Debug|Any CPU.ActiveCfg = Debug|Any CPU
		{9D172FA1-F59D-4E65-AAD5-6369F0B7D791}.Debug|Any CPU.Build.0 = Debug|Any CPU
		{9D172FA1-F59D-4E65-AAD5-6369F0B7D791}.Release|Any CPU.ActiveCfg = Release|Any CPU
		{9D172FA1-F59D-4E65-AAD5-6369F0B7D791}.Release|Any CPU.Build.0 = Release|Any CPU
		{9AEEDC55-324E-4D53-B20F-DCF72F1CB57C}.Debug|Any CPU.ActiveCfg = Debug|Any CPU
		{9AEEDC55-324E-4D53-B20F-DCF72F1CB57C}.Debug|Any CPU.Build.0 = Debug|Any CPU
		{9AEEDC55-324E-4D53-B20F-DCF72F1CB57C}.Release|Any CPU.ActiveCfg = Release|Any CPU
		{9AEEDC55-324E-4D53-B20F-DCF72F1CB57C}.Release|Any CPU.Build.0 = Release|Any CPU
	EndGlobalSection
	GlobalSection(SolutionProperties) = preSolution
		HideSolutionNode = FALSE
	EndGlobalSection
	GlobalSection(ExtensibilityGlobals) = postSolution
		SolutionGuid = {1C91214E-CB73-4C42-9392-EF6B3101CA79}
	EndGlobalSection
EndGlobal
